
Microsoft Visual Studio Solution File, Format Version 12.00
# Visual Studio Version 17
VisualStudioVersion = 17.0.31903.59
MinimumVisualStudioVersion = 10.0.40219.1
Project("{2150E333-8FDC-42A3-9474-1A3956D46DE8}") = "Adapters", "Adapters", "{A1D00000-0000-4000-8000-000000000001}"
EndProject
Project("{2150E333-8FDC-42A3-9474-1A3956D46DE8}") = "Drivers", "Drivers", "{A1D00000-0000-4000-8000-000000000002}"
EndProject
Project("{2150E333-8FDC-42A3-9474-1A3956D46DE8}") = "WebApi", "WebApi", "{A1D00000-0000-4000-8000-000000000003}"
EndProject
Project("{2150E333-8FDC-42A3-9474-1A3956D46DE8}") = "Driven", "Driven", "{A1D00000-0000-4000-8000-000000000004}"
EndProject
Project("{2150E333-8FDC-42A3-9474-1A3956D46DE8}") = "Infrastructure", "Infrastructure", "{A1D00000-0000-4000-8000-000000000005}"
EndProject
Project("{2150E333-8FDC-42A3-9474-1A3956D46DE8}") = "Core", "Core", "{A1D00000-0000-4000-8000-000000000006}"
EndProject
Project("{2150E333-8FDC-42A3-9474-1A3956D46DE8}") = "Domain", "Domain", "{A1D00000-0000-4000-8000-000000000007}"
EndProject
Project("{2150E333-8FDC-42A3-9474-1A3956D46DE8}") = "Application", "Application", "{A1D00000-0000-4000-8000-000000000008}"
EndProject
Project("{2150E333-8FDC-42A3-9474-1A3956D46DE8}") = "Crosscutting", "Crosscutting", "{A1D00000-0000-4000-8000-000000000009}"
EndProject
Project("{2150E333-8FDC-42A3-9474-1A3956D46DE8}") = "Tests", "Tests", "{A1D00000-0000-4000-8000-00000000000A}"
EndProject
Project("{2150E333-8FDC-42A3-9474-1A3956D46DE8}") = "Unit", "Unit", "{A1D00000-0000-4000-8000-00000000000B}"
EndProject
Project("{2150E333-8FDC-42A3-9474-1A3956D46DE8}") = "Integration", "Integration", "{A1D00000-0000-4000-8000-00000000000C}"
EndProject
Project("{2150E333-8FDC-42A3-9474-1A3956D46DE8}") = "Functional", "Functional", "{A1D00000-0000-4000-8000-00000000000D}"
EndProject
Project("{2150E333-8FDC-42A3-9474-1A3956D46DE8}") = "Solution Items", "Solution Items", "{A1D00000-0000-4000-8000-00000000000E}"
	ProjectSection(SolutionItems) = preProject
		.editorconfig = .editorconfig
		docker-compose.yml = docker-compose.yml
	EndProjectSection
EndProject
Project("{FAE04EC0-301F-11D3-BF4B-00C04F79EFBC}") = "Identity.Application", "src\Identity.Application\Identity.Application.csproj", "{1C167EEF-D4B4-43AC-9F2F-4F2B231AFEEE}"
EndProject
Project("{FAE04EC0-301F-11D3-BF4B-00C04F79EFBC}") = "Identity.Common", "src\Identity.Common\Identity.Common.csproj", "{7C377D4B-16FC-463E-8154-67B7BE560AFC}"
EndProject
Project("{FAE04EC0-301F-11D3-BF4B-00C04F79EFBC}") = "Identity.Domain", "src\Identity.Domain\Identity.Domain.csproj", "{639489E5-1BF7-4120-A36B-8C720151F863}"
EndProject
Project("{FAE04EC0-301F-11D3-BF4B-00C04F79EFBC}") = "Identity.IoC", "src\Identity.IoC\Identity.IoC.csproj", "{43702EE7-E801-48E8-B9DF-8B9F0504FB88}"
EndProject
Project("{FAE04EC0-301F-11D3-BF4B-00C04F79EFBC}") = "Identity.ORM", "src\Identity.ORM\Identity.ORM.csproj", "{3E87BE84-BCB0-4B24-B0E5-20C8E98B3923}"
EndProject
Project("{FAE04EC0-301F-11D3-BF4B-00C04F79EFBC}") = "Identity.WebApi", "src\Identity.WebApi\Identity.WebApi.csproj", "{D46F3834-722E-4606-BD44-6C49D70B2BC3}"
EndProject
Project("{FAE04EC0-301F-11D3-BF4B-00C04F79EFBC}") = "Identity.Functional", "tests\Identity.Functional\Identity.Functional.csproj", "{F175B338-A782-433A-823C-79D6F82738E2}"
EndProject
Project("{FAE04EC0-301F-11D3-BF4B-00C04F79EFBC}") = "Identity.Integration", "tests\Identity.Integration\Identity.Integration.csproj", "{947D66B0-8CF0-4240-AFBF-8CCDFE79DF05}"
EndProject
Project("{FAE04EC0-301F-11D3-BF4B-00C04F79EFBC}") = "Identity.Unit", "tests\Identity.Unit\Identity.Unit.csproj", "{22B2F89C-FB79-450D-97B9-D4E58D52166B}"
EndProject
Global
	GlobalSection(SolutionConfigurationPlatforms) = preSolution
		Debug|Any CPU = Debug|Any CPU
		Release|Any CPU = Release|Any CPU
	EndGlobalSection
	GlobalSection(SolutionProperties) = preSolution
		HideSolutionNode = FALSE
	EndGlobalSection
	GlobalSection(ProjectConfigurationPlatforms) = postSolution
		{1C167EEF-D4B4-43AC-9F2F-4F2B231AFEEE}.Debug|Any CPU.ActiveCfg = Debug|Any CPU
		{1C167EEF-D4B4-43AC-9F2F-4F2B231AFEEE}.Debug|Any CPU.Build.0 = Debug|Any CPU
		{1C167EEF-D4B4-43AC-9F2F-4F2B231AFEEE}.Release|Any CPU.ActiveCfg = Release|Any CPU
		{1C167EEF-D4B4-43AC-9F2F-4F2B231AFEEE}.Release|Any CPU.Build.0 = Release|Any CPU
		{7C377D4B-16FC-463E-8154-67B7BE560AFC}.Debug|Any CPU.ActiveCfg = Debug|Any CPU
		{7C377D4B-16FC-463E-8154-67B7BE560AFC}.Debug|Any CPU.Build.0 = Debug|Any CPU
		{7C377D4B-16FC-463E-8154-67B7BE560AFC}.Release|Any CPU.ActiveCfg = Release|Any CPU
		{7C377D4B-16FC-463E-8154-67B7BE560AFC}.Release|Any CPU.Build.0 = Release|Any CPU
		{639489E5-1BF7-4120-A36B-8C720151F863}.Debug|Any CPU.ActiveCfg = Debug|Any CPU
		{639489E5-1BF7-4120-A36B-8C720151F863}.Debug|Any CPU.Build.0 = Debug|Any CPU
		{639489E5-1BF7-4120-A36B-8C720151F863}.Release|Any CPU.ActiveCfg = Release|Any CPU
		{639489E5-1BF7-4120-A36B-8C720151F863}.Release|Any CPU.Build.0 = Release|Any CPU
		{43702EE7-E801-48E8-B9DF-8B9F0504FB88}.Debug|Any CPU.ActiveCfg = Debug|Any CPU
		{43702EE7-E801-48E8-B9DF-8B9F0504FB88}.Debug|Any CPU.Build.0 = Debug|Any CPU
		{43702EE7-E801-48E8-B9DF-8B9F0504FB88}.Release|Any CPU.ActiveCfg = Release|Any CPU
		{43702EE7-E801-48E8-B9DF-8B9F0504FB88}.Release|Any CPU.Build.0 = Release|Any CPU
		{3E87BE84-BCB0-4B24-B0E5-20C8E98B3923}.Debug|Any CPU.ActiveCfg = Debug|Any CPU
		{3E87BE84-BCB0-4B24-B0E5-20C8E98B3923}.Debug|Any CPU.Build.0 = Debug|Any CPU
		{3E87BE84-BCB0-4B24-B0E5-20C8E98B3923}.Release|Any CPU.ActiveCfg = Release|Any CPU
		{3E87BE84-BCB0-4B24-B0E5-20C8E98B3923}.Release|Any CPU.Build.0 = Release|Any CPU
		{D46F3834-722E-4606-BD44-6C49D70B2BC3}.Debug|Any CPU.ActiveCfg = Debug|Any CPU
		{D46F3834-722E-4606-BD44-6C49D70B2BC3}.Debug|Any CPU.Build.0 = Debug|Any CPU
		{D46F3834-722E-4606-BD44-6C49D70B2BC3}.Release|Any CPU.ActiveCfg = Release|Any CPU
		{D46F3834-722E-4606-BD44-6C49D70B2BC3}.Release|Any CPU.Build.0 = Release|Any CPU
		{F175B338-A782-433A-823C-79D6F82738E2}.Debug|Any CPU.ActiveCfg = Debug|Any CPU
		{F175B338-A782-433A-823C-79D6F82738E2}.Debug|Any CPU.Build.0 = Debug|Any CPU
		{F175B338-A782-433A-823C-79D6F82738E2}.Release|Any CPU.ActiveCfg = Release|Any CPU
		{F175B338-A782-433A-823C-79D6F82738E2}.Release|Any CPU.Build.0 = Release|Any CPU
		{947D66B0-8CF0-4240-AFBF-8CCDFE79DF05}.Debug|Any CPU.ActiveCfg = Debug|Any CPU
		{947D66B0-8CF0-4240-AFBF-8CCDFE79DF05}.Debug|Any CPU.Build.0 = Debug|Any CPU
		{947D66B0-8CF0-4240-AFBF-8CCDFE79DF05}.Release|Any CPU.ActiveCfg = Release|Any CPU
		{947D66B0-8CF0-4240-AFBF-8CCDFE79DF05}.Release|Any CPU.Build.0 = Release|Any CPU
		{22B2F89C-FB79-450D-97B9-D4E58D52166B}.Debug|Any CPU.ActiveCfg = Debug|Any CPU
		{22B2F89C-FB79-450D-97B9-D4E58D52166B}.Debug|Any CPU.Build.0 = Debug|Any CPU
		{22B2F89C-FB79-450D-97B9-D4E58D52166B}.Release|Any CPU.ActiveCfg = Release|Any CPU
		{22B2F89C-FB79-450D-97B9-D4E58D52166B}.Release|Any CPU.Build.0 = Release|Any CPU
	EndGlobalSection
	GlobalSection(NestedProjects) = preSolution
		{A1D00000-0000-4000-8000-000000000002} = {A1D00000-0000-4000-8000-000000000001}
		{A1D00000-0000-4000-8000-000000000003} = {A1D00000-0000-4000-8000-000000000002}
		{A1D00000-0000-4000-8000-000000000004} = {A1D00000-0000-4000-8000-000000000001}
		{A1D00000-0000-4000-8000-000000000005} = {A1D00000-0000-4000-8000-000000000004}
		{A1D00000-0000-4000-8000-000000000007} = {A1D00000-0000-4000-8000-000000000006}
		{A1D00000-0000-4000-8000-000000000008} = {A1D00000-0000-4000-8000-000000000006}
		{A1D00000-0000-4000-8000-00000000000B} = {A1D00000-0000-4000-8000-00000000000A}
		{A1D00000-0000-4000-8000-00000000000C} = {A1D00000-0000-4000-8000-00000000000A}
		{A1D00000-0000-4000-8000-00000000000D} = {A1D00000-0000-4000-8000-00000000000A}
		{D46F3834-722E-4606-BD44-6C49D70B2BC3} = {A1D00000-0000-4000-8000-000000000003}
		{3E87BE84-BCB0-4B24-B0E5-20C8E98B3923} = {A1D00000-0000-4000-8000-000000000005}
		{639489E5-1BF7-4120-A36B-8C720151F863} = {A1D00000-0000-4000-8000-000000000007}
		{1C167EEF-D4B4-43AC-9F2F-4F2B231AFEEE} = {A1D00000-0000-4000-8000-000000000008}
		{7C377D4B-16FC-463E-8154-67B7BE560AFC} = {A1D00000-0000-4000-8000-000000000009}
		{43702EE7-E801-48E8-B9DF-8B9F0504FB88} = {A1D00000-0000-4000-8000-000000000009}
		{22B2F89C-FB79-450D-97B9-D4E58D52166B} = {A1D00000-0000-4000-8000-00000000000B}
		{947D66B0-8CF0-4240-AFBF-8CCDFE79DF05} = {A1D00000-0000-4000-8000-00000000000C}
		{F175B338-A782-433A-823C-79D6F82738E2} = {A1D00000-0000-4000-8000-00000000000D}
	EndGlobalSection
	GlobalSection(ExtensibilityGlobals) = postSolution
		SolutionGuid = {6E2B0A1C-9C51-45F4-9A2D-2F6D7B4C8E30}
	EndGlobalSection
EndGlobal
